github.com/tuckersGo/musthaveGo/ch20/fedex v0.0.0-20210809125204-68bca0d80b54 h1:0rbepKz7QuR0Ob76aTazQoFVFarfgtk4dn5p7R5KUm0=
github.com/tuckersGo/musthaveGo/ch20/fedex v0.0.0-20210809125204-68bca0d80b54/go.mod h1:wUGjqt74WnDazyE/QeARSMb1oleNb15FcA+siO+PiGY=
github.com/tuckersGo/musthaveGo/ch20/koreaPost v0.0.0-20210809125204-68bca0d80b54 h1:yVrkaLPH4TmIHDN+NhWYtXhcGY8wFOJBiwvfA6up1dY=
github.com/tuckersGo/musthaveGo/ch20/koreaPost v0.0.0-20210809125204-68bca0d80b54/go.mod h1:NVQ7TuLq9vFXfKzLlfauADJxh3Dnj66QVHB605JmAPo=
